
Microsoft Visual Studio Solution File, Format Version 12.00
# Visual Studio Version 16
VisualStudioVersion = 16.0.30907.101
MinimumVisualStudioVersion = 10.0.40219.1
Project("{FAE04EC0-301F-11D3-BF4B-00C04F79EFBC}") = "SampleApplication_00033", "SampleApplication_00033\SampleApplication_00033.csproj", "{EAE4AE5A-613E-43D7-9003-F7B454374E17}"
EndProject
Global
	GlobalSection(SolutionConfigurationPlatforms) = preSolution
		Debug|Any CPU = Debug|Any CPU
		Release|Any CPU = Release|Any CPU
	EndGlobalSection
	GlobalSection(ProjectConfigurationPlatforms) = postSolution
		{EAE4AE5A-613E-43D7-9003-F7B454374E17}.Debug|Any CPU.ActiveCfg = Debug|Any CPU
		{EAE4AE5A-613E-43D7-9003-F7B454374E17}.Debug|Any CPU.Build.0 = Debug|Any CPU
		{EAE4AE5A-613E-43D7-9003-F7B454374E17}.Release|Any CPU.ActiveCfg = Release|Any CPU
		{EAE4AE5A-613E-43D7-9003-F7B454374E17}.Release|Any CPU.Build.0 = Release|Any CPU
	EndGlobalSection
	GlobalSection(SolutionProperties) = preSolution
		HideSolutionNode = FALSE
	EndGlobalSection
	GlobalSection(ExtensibilityGlobals) = postSolution
		SolutionGuid = {4BC22B0D-B84C-4AAE-BA2A-659722B607A9}
	EndGlobalSection
EndGlobal
